{
  "name": "red-nats-streaming",
  "version": "0.0.2",
  "lockfileVersion": 1,
  "requires": true,
  "dependencies": {
    "nats-streaming": {
      "version": "0.0.0-alpha",
      "resolved": "https://registry.npmjs.org/nats-streaming/-/nats-streaming-0.0.0-alpha.tgz",
      "integrity": "sha1-Dd2Bbcu4d4Tb9zdLudPfvOZgAHU="
    }
  }
}
